// !$*UTF8*$!
{
	archiveVersion = 1;
	classes = {
	};
	objectVersion = 46;
	objects = {

/* Begin PBXBuildFile section */
		4905580C200F4F20006B3A08 /* AutoCollectionViewCell.swift in Sources */ = {isa = PBXBuildFile; fileRef = 4905580B200F4F20006B3A08 /* AutoCollectionViewCell.swift */; };
		4905580E200F58A5006B3A08 /* ViewImage.swift in Sources */ = {isa = PBXBuildFile; fileRef = 4905580D200F58A5006B3A08 /* ViewImage.swift */; };
		51A29E5000DD379F162E425E /* Pods_collectionApp.framework in Frameworks */ = {isa = PBXBuildFile; fileRef = B51C6EA92AC988CA021EDA0D /* Pods_collectionApp.framework */; };
		AEB8BA991FE94401006B4A5B /* AppDelegate.swift in Sources */ = {isa = PBXBuildFile; fileRef = AEB8BA981FE94401006B4A5B /* AppDelegate.swift */; };
		AEB8BA9E1FE94401006B4A5B /* Main.storyboard in Resources */ = {isa = PBXBuildFile; fileRef = AEB8BA9C1FE94401006B4A5B /* Main.storyboard */; };
		AEB8BAA01FE94401006B4A5B /* Assets.xcassets in Resources */ = {isa = PBXBuildFile; fileRef = AEB8BA9F1FE94401006B4A5B /* Assets.xcassets */; };
		AEB8BAA31FE94401006B4A5B /* LaunchScreen.storyboard in Resources */ = {isa = PBXBuildFile; fileRef = AEB8BAA11FE94401006B4A5B /* LaunchScreen.storyboard */; };
		AEB8BAAB1FE94529006B4A5B /* AutoCollectionViewController.swift in Sources */ = {isa = PBXBuildFile; fileRef = AEB8BAAA1FE94529006B4A5B /* AutoCollectionViewController.swift */; };
/* End PBXBuildFile section */

/* Begin PBXFileReference section */
		4905580B200F4F20006B3A08 /* AutoCollectionViewCell.swift */ = {isa = PBXFileReference; lastKnownFileType = sourcecode.swift; path = AutoCollectionViewCell.swift; sourceTree = "<group>"; };
		4905580D200F58A5006B3A08 /* ViewImage.swift */ = {isa = PBXFileReference; lastKnownFileType = sourcecode.swift; path = ViewImage.swift; sourceTree = "<group>"; };
		6637441B1DC0D3188284B6F7 /* Pods-collectionApp.release.xcconfig */ = {isa = PBXFileReference; includeInIndex = 1; lastKnownFileType = text.xcconfig; name = "Pods-collectionApp.release.xcconfig"; path = "Pods/Target Support Files/Pods-collectionApp/Pods-collectionApp.release.xcconfig"; sourceTree = "<group>"; };
		AEB8BA951FE94401006B4A5B /* collectionApp.app */ = {isa = PBXFileReference; explicitFileType = wrapper.application; includeInIndex = 0; path = collectionApp.app; sourceTree = BUILT_PRODUCTS_DIR; };
		AEB8BA981FE94401006B4A5B /* AppDelegate.swift */ = {isa = PBXFileReference; lastKnownFileType = sourcecode.swift; path = AppDelegate.swift; sourceTree = "<group>"; };
		AEB8BA9D1FE94401006B4A5B /* Base */ = {isa = PBXFileReference; lastKnownFileType = file.storyboard; name = Base; path = Base.lproj/Main.storyboard; sourceTree = "<group>"; };
		AEB8BA9F1FE94401006B4A5B /* Assets.xcassets */ = {isa = PBXFileReference; lastKnownFileType = folder.assetcatalog; path = Assets.xcassets; sourceTree = "<group>"; };
		AEB8BAA21FE94401006B4A5B /* Base */ = {isa = PBXFileReference; lastKnownFileType = file.storyboard; name = Base; path = Base.lproj/LaunchScreen.storyboard; sourceTree = "<group>"; };
		AEB8BAA41FE94401006B4A5B /* Info.plist */ = {isa = PBXFileReference; lastKnownFileType = text.plist.xml; path = Info.plist; sourceTree = "<group>"; };
		AEB8BAAA1FE94529006B4A5B /* AutoCollectionViewController.swift */ = {isa = PBXFileReference; fileEncoding = 4; lastKnownFileType = sourcecode.swift; path = AutoCollectionViewController.swift; sourceTree = "<group>"; };
		B51C6EA92AC988CA021EDA0D /* Pods_collectionApp.framework */ = {isa = PBXFileReference; explicitFileType = wrapper.framework; includeInIndex = 0; path = Pods_collectionApp.framework; sourceTree = BUILT_PRODUCTS_DIR; };
		D58C47B929011601B91319D4 /* Pods-collectionApp.debug.xcconfig */ = {isa = PBXFileReference; includeInIndex = 1; lastKnownFileType = text.xcconfig; name = "Pods-collectionApp.debug.xcconfig"; path = "Pods/Target Support Files/Pods-collectionApp/Pods-collectionApp.debug.xcconfig"; sourceTree = "<group>"; };
/* End PBXFileReference section */

/* Begin PBXFrameworksBuildPhase section */
		AEB8BA921FE94401006B4A5B /* Frameworks */ = {
			isa = PBXFrameworksBuildPhase;
			buildActionMask = 2147483647;
			files = (
				51A29E5000DD379F162E425E /* Pods_collectionApp.framework in Frameworks */,
			);
			runOnlyForDeploymentPostprocessing = 0;
		};
/* End PBXFrameworksBuildPhase section */

/* Begin PBXGroup section */
		87FAC811B271D6C672ACCCF7 /* Frameworks */ = {
			isa = PBXGroup;
			children = (
				B51C6EA92AC988CA021EDA0D /* Pods_collectionApp.framework */,
			);
			name = Frameworks;
			sourceTree = "<group>";
		};
		AEB8BA8C1FE94401006B4A5B = {
			isa = PBXGroup;
			children = (
				AEB8BA971FE94401006B4A5B /* collectionApp */,
				AEB8BA961FE94401006B4A5B /* Products */,
				F46188F3809CEAFDAEEACDBE /* Pods */,
				87FAC811B271D6C672ACCCF7 /* Frameworks */,
			);
			sourceTree = "<group>";
		};
		AEB8BA961FE94401006B4A5B /* Products */ = {
			isa = PBXGroup;
			children = (
				AEB8BA951FE94401006B4A5B /* collectionApp.app */,
			);
			name = Products;
			sourceTree = "<group>";
		};
		AEB8BA971FE94401006B4A5B /* collectionApp */ = {
			isa = PBXGroup;
			children = (
				AEB8BA981FE94401006B4A5B /* AppDelegate.swift */,
				AEB8BA9C1FE94401006B4A5B /* Main.storyboard */,
				AEB8BA9F1FE94401006B4A5B /* Assets.xcassets */,
				AEB8BAA11FE94401006B4A5B /* LaunchScreen.storyboard */,
				AEB8BAA41FE94401006B4A5B /* Info.plist */,
				AEB8BAAA1FE94529006B4A5B /* AutoCollectionViewController.swift */,
				4905580B200F4F20006B3A08 /* AutoCollectionViewCell.swift */,
				4905580D200F58A5006B3A08 /* ViewImage.swift */,
			);
			path = collectionApp;
			sourceTree = "<group>";
		};
		F46188F3809CEAFDAEEACDBE /* Pods */ = {
			isa = PBXGroup;
			children = (
				D58C47B929011601B91319D4 /* Pods-collectionApp.debug.xcconfig */,
				6637441B1DC0D3188284B6F7 /* Pods-collectionApp.release.xcconfig */,
			);
			name = Pods;
			sourceTree = "<group>";
		};
/* End PBXGroup section */

/* Begin PBXNativeTarget section */
		AEB8BA941FE94401006B4A5B /* collectionApp */ = {
			isa = PBXNativeTarget;
			buildConfigurationList = AEB8BAA71FE94401006B4A5B /* Build configuration list for PBXNativeTarget "collectionApp" */;
			buildPhases = (
				DA3BB786BD9541BABBF043A2 /* [CP] Check Pods Manifest.lock */,
				AEB8BA911FE94401006B4A5B /* Sources */,
				AEB8BA921FE94401006B4A5B /* Frameworks */,
				AEB8BA931FE94401006B4A5B /* Resources */,
				721969D65C228A5BABAD9652 /* [CP] Embed Pods Frameworks */,
				D06A0FE01E3FDBA6D115511B /* [CP] Copy Pods Resources */,
			);
			buildRules = (
			);
			dependencies = (
			);
			name = collectionApp;
			productName = collectionApp;
			productReference = AEB8BA951FE94401006B4A5B /* collectionApp.app */;
			productType = "com.apple.product-type.application";
		};
/* End PBXNativeTarget section */

/* Begin PBXProject section */
		AEB8BA8D1FE94401006B4A5B /* Project object */ = {
			isa = PBXProject;
			attributes = {
				LastSwiftUpdateCheck = 0800;
				LastUpgradeCheck = 0800;
				ORGANIZATIONNAME = VSU;
				TargetAttributes = {
					AEB8BA941FE94401006B4A5B = {
						CreatedOnToolsVersion = 8.0;
						ProvisioningStyle = Automatic;
					};
				};
			};
			buildConfigurationList = AEB8BA901FE94401006B4A5B /* Build configuration list for PBXProject "collectionApp" */;
			compatibilityVersion = "Xcode 3.2";
			developmentRegion = English;
			hasScannedForEncodings = 0;
			knownRegions = (
				en,
				Base,
			);
			mainGroup = AEB8BA8C1FE94401006B4A5B;
			productRefGroup = AEB8BA961FE94401006B4A5B /* Products */;
			projectDirPath = "";
			projectRoot = "";
			targets = (
				AEB8BA941FE94401006B4A5B /* collectionApp */,
			);
		};
/* End PBXProject section */

/* Begin PBXResourcesBuildPhase section */
		AEB8BA931FE94401006B4A5B /* Resources */ = {
			isa = PBXResourcesBuildPhase;
			buildActionMask = 2147483647;
			files = (
				AEB8BAA31FE94401006B4A5B /* LaunchScreen.storyboard in Resources */,
				AEB8BAA01FE94401006B4A5B /* Assets.xcassets in Resources */,
				AEB8BA9E1FE94401006B4A5B /* Main.storyboard in Resources */,
			);
			runOnlyForDeploymentPostprocessing = 0;
		};
/* End PBXResourcesBuildPhase section */

/* Begin PBXShellScriptBuildPhase section */
		721969D65C228A5BABAD9652 /* [CP] Embed Pods Frameworks */ = {
			isa = PBXShellScriptBuildPhase;
			buildActionMask = 2147483647;
			files = (
			);
			inputPaths = (
				"${SRCROOT}/Pods/Target Support Files/Pods-collectionApp/Pods-collectionApp-frameworks.sh",
				"${BUILT_PRODUCTS_DIR}/Realm/Realm.framework",
				"${BUILT_PRODUCTS_DIR}/RealmSwift/RealmSwift.framework",
			);
			name = "[CP] Embed Pods Frameworks";
			outputPaths = (
				"${TARGET_BUILD_DIR}/${FRAMEWORKS_FOLDER_PATH}/Realm.framework",
				"${TARGET_BUILD_DIR}/${FRAMEWORKS_FOLDER_PATH}/RealmSwift.framework",
			);
			runOnlyForDeploymentPostprocessing = 0;
			shellPath = /bin/sh;
			shellScript = "\"${SRCROOT}/Pods/Target Support Files/Pods-collectionApp/Pods-collectionApp-frameworks.sh\"\n";
			showEnvVarsInLog = 0;
		};
		D06A0FE01E3FDBA6D115511B /* [CP] Copy Pods Resources */ = {
			isa = PBXShellScriptBuildPhase;
			buildActionMask = 2147483647;
			files = (
			);
			inputPaths = (
			);
			name = "[CP] Copy Pods Resources";
			outputPaths = (
			);
			runOnlyForDeploymentPostprocessing = 0;
			shellPath = /bin/sh;
			shellScript = "\"${SRCROOT}/Pods/Target Support Files/Pods-collectionApp/Pods-collectionApp-resources.sh\"\n";
			showEnvVarsInLog = 0;
		};
		DA3BB786BD9541BABBF043A2 /* [CP] Check Pods Manifest.lock */ = {
			isa = PBXShellScriptBuildPhase;
			buildActionMask = 2147483647;
			files = (
			);
			inputPaths = (
				"${PODS_PODFILE_DIR_PATH}/Podfile.lock",
				"${PODS_ROOT}/Manifest.lock",
			);
			name = "[CP] Check Pods Manifest.lock";
			outputPaths = (
				"$(DERIVED_FILE_DIR)/Pods-collectionApp-checkManifestLockResult.txt",
			);
			runOnlyForDeploymentPostprocessing = 0;
			shellPath = /bin/sh;
			shellScript = "diff \"${PODS_PODFILE_DIR_PATH}/Podfile.lock\" \"${PODS_ROOT}/Manifest.lock\" > /dev/null\nif [ $? != 0 ] ; then\n    # print error to STDERR\n    echo \"error: The sandbox is not in sync with the Podfile.lock. Run 'pod install' or update your CocoaPods installation.\" >&2\n    exit 1\nfi\n# This output is used by Xcode 'outputs' to avoid re-running this script phase.\necho \"SUCCESS\" > \"${SCRIPT_OUTPUT_FILE_0}\"\n";
			showEnvVarsInLog = 0;
		};
/* End PBXShellScriptBuildPhase section */

/* Begin PBXSourcesBuildPhase section */
		AEB8BA911FE94401006B4A5B /* Sources */ = {
			isa = PBXSourcesBuildPhase;
			buildActionMask = 2147483647;
			files = (
				4905580E200F58A5006B3A08 /* ViewImage.swift in Sources */,
				4905580C200F4F20006B3A08 /* AutoCollectionViewCell.swift in Sources */,
				AEB8BA991FE94401006B4A5B /* AppDelegate.swift in Sources */,
				AEB8BAAB1FE94529006B4A5B /* AutoCollectionViewController.swift in Sources */,
			);
			runOnlyForDeploymentPostprocessing = 0;
		};
/* End PBXSourcesBuildPhase section */

/* Begin PBXVariantGroup section */
		AEB8BA9C1FE94401006B4A5B /* Main.storyboard */ = {
			isa = PBXVariantGroup;
			children = (
				AEB8BA9D1FE94401006B4A5B /* Base */,
			);
			name = Main.storyboard;
			sourceTree = "<group>";
		};
		AEB8BAA11FE94401006B4A5B /* LaunchScreen.storyboard */ = {
			isa = PBXVariantGroup;
			children = (
				AEB8BAA21FE94401006B4A5B /* Base */,
			);
			name = LaunchScreen.storyboard;
			sourceTree = "<group>";
		};
/* End PBXVariantGroup section */

/* Begin XCBuildConfiguration section */
		AEB8BAA51FE94401006B4A5B /* Debug */ = {
			isa = XCBuildConfiguration;
			buildSettings = {
				ALWAYS_SEARCH_USER_PATHS = NO;
				CLANG_ANALYZER_NONNULL = YES;
				CLANG_CXX_LANGUAGE_STANDARD = "gnu++0x";
				CLANG_CXX_LIBRARY = "libc++";
				CLANG_ENABLE_MODULES = YES;
				CLANG_ENABLE_OBJC_ARC = YES;
				CLANG_WARN_BOOL_CONVERSION = YES;
				CLANG_WARN_CONSTANT_CONVERSION = YES;
				CLANG_WARN_DIRECT_OBJC_ISA_USAGE = YES_ERROR;
				CLANG_WARN_DOCUMENTATION_COMMENTS = YES;
				CLANG_WARN_EMPTY_BODY = YES;
				CLANG_WARN_ENUM_CONVERSION = YES;
				CLANG_WARN_INFINITE_RECURSION = YES;
				CLANG_WARN_INT_CONVERSION = YES;
				CLANG_WARN_OBJC_ROOT_CLASS = YES_ERROR;
				CLANG_WARN_SUSPICIOUS_MOVES = YES;
				CLANG_WARN_UNREACHABLE_CODE = YES;
				CLANG_WARN__DUPLICATE_METHOD_MATCH = YES;
				"CODE_SIGN_IDENTITY[sdk=iphoneos*]" = "iPhone Developer";
				COPY_PHASE_STRIP = NO;
				DEBUG_INFORMATION_FORMAT = dwarf;
				ENABLE_STRICT_OBJC_MSGSEND = YES;
				ENABLE_TESTABILITY = YES;
				GCC_C_LANGUAGE_STANDARD = gnu99;
				GCC_DYNAMIC_NO_PIC = NO;
				GCC_NO_COMMON_BLOCKS = YES;
				GCC_OPTIMIZATION_LEVEL = 0;
				GCC_PREPROCESSOR_DEFINITIONS = (
					"DEBUG=1",
					"$(inherited)",
				);
				GCC_WARN_64_TO_32_BIT_CONVERSION = YES;
				GCC_WARN_ABOUT_RETURN_TYPE = YES_ERROR;
				GCC_WARN_UNDECLARED_SELECTOR = YES;
				GCC_WARN_UNINITIALIZED_AUTOS = YES_AGGRESSIVE;
				GCC_WARN_UNUSED_FUNCTION = YES;
				GCC_WARN_UNUSED_VARIABLE = YES;
				IPHONEOS_DEPLOYMENT_TARGET = 10.0;
				MTL_ENABLE_DEBUG_INFO = YES;
				ONLY_ACTIVE_ARCH = YES;
				SDKROOT = iphoneos;
				SWIFT_ACTIVE_COMPILATION_CONDITIONS = DEBUG;
				SWIFT_OPTIMIZATION_LEVEL = "-Onone";
				TARGETED_DEVICE_FAMILY = "1,2";
			};
			name = Debug;
		};
		AEB8BAA61FE94401006B4A5B /* Release */ = {
			isa = XCBuildConfiguration;
			buildSettings = {
				ALWAYS_SEARCH_USER_PATHS = NO;
				CLANG_ANALYZER_NONNULL = YES;
				CLANG_CXX_LANGUAGE_STANDARD = "gnu++0x";
				CLANG_CXX_LIBRARY = "libc++";
				CLANG_ENABLE_MODULES = YES;
				CLANG_ENABLE_OBJC_ARC = YES;
				CLANG_WARN_BOOL_CONVERSION = YES;
				CLANG_WARN_CONSTANT_CONVERSION = YES;
				CLANG_WARN_DIRECT_OBJC_ISA_USAGE = YES_ERROR;
				CLANG_WARN_DOCUMENTATION_COMMENTS = YES;
				CLANG_WARN_EMPTY_BODY = YES;
				CLANG_WARN_ENUM_CONVERSION = YES;
				CLANG_WARN_INFINITE_RECURSION = YES;
				CLANG_WARN_INT_CONVERSION = YES;
				CLANG_WARN_OBJC_ROOT_CLASS = YES_ERROR;
				CLANG_WARN_SUSPICIOUS_MOVES = YES;
				CLANG_WARN_UNREACHABLE_CODE = YES;
				CLANG_WARN__DUPLICATE_METHOD_MATCH = YES;
				"CODE_SIGN_IDENTITY[sdk=iphoneos*]" = "iPhone Developer";
				COPY_PHASE_STRIP = NO;
				DEBUG_INFORMATION_FORMAT = "dwarf-with-dsym";
				ENABLE_NS_ASSERTIONS = NO;
				ENABLE_STRICT_OBJC_MSGSEND = YES;
				GCC_C_LANGUAGE_STANDARD = gnu99;
				GCC_NO_COMMON_BLOCKS = YES;
				GCC_WARN_64_TO_32_BIT_CONVERSION = YES;
				GCC_WARN_ABOUT_RETURN_TYPE = YES_ERROR;
				GCC_WARN_UNDECLARED_SELECTOR = YES;
				GCC_WARN_UNINITIALIZED_AUTOS = YES_AGGRESSIVE;
				GCC_WARN_UNUSED_FUNCTION = YES;
				GCC_WARN_UNUSED_VARIABLE = YES;
				IPHONEOS_DEPLOYMENT_TARGET = 10.0;
				MTL_ENABLE_DEBUG_INFO = NO;
				SDKROOT = iphoneos;
				SWIFT_OPTIMIZATION_LEVEL = "-Owholemodule";
				TARGETED_DEVICE_FAMILY = "1,2";
				VALIDATE_PRODUCT = YES;
			};
			name = Release;
		};
		AEB8BAA81FE94401006B4A5B /* Debug */ = {
			isa = XCBuildConfiguration;
			baseConfigurationReference = D58C47B929011601B91319D4 /* Pods-collectionApp.debug.xcconfig */;
			buildSettings = {
				ASSETCATALOG_COMPILER_APPICON_NAME = AppIcon;
				INFOPLIST_FILE = collectionApp/Info.plist;
				LD_RUNPATH_SEARCH_PATHS = "$(inherited) @executable_path/Frameworks";
				PRODUCT_BUNDLE_IDENTIFIER = com.vsu.collectionApp;
				PRODUCT_NAME = "$(TARGET_NAME)";
				SWIFT_VERSION = 3.0;
			};
			name = Debug;
		};
		AEB8BAA91FE94401006B4A5B /* Release */ = {
			isa = XCBuildConfiguration;
			baseConfigurationReference = 6637441B1DC0D3188284B6F7 /* Pods-collectionApp.release.xcconfig */;
			buildSettings = {
				ASSETCATALOG_COMPILER_APPICON_NAME = AppIcon;
				INFOPLIST_FILE = collectionApp/Info.plist;
				LD_RUNPATH_SEARCH_PATHS = "$(inherited) @executable_path/Frameworks";
				PRODUCT_BUNDLE_IDENTIFIER = com.vsu.collectionApp;
				PRODUCT_NAME = "$(TARGET_NAME)";
				SWIFT_VERSION = 3.0;
			};
			name = Release;
		};
/* End XCBuildConfiguration section */

/* Begin XCConfigurationList section */
		AEB8BA901FE94401006B4A5B /* Build configuration list for PBXProject "collectionApp" */ = {
			isa = XCConfigurationList;
			buildConfigurations = (
				AEB8BAA51FE94401006B4A5B /* Debug */,
				AEB8BAA61FE94401006B4A5B /* Release */,
			);
			defaultConfigurationIsVisible = 0;
			defaultConfigurationName = Release;
		};
		AEB8BAA71FE94401006B4A5B /* Build configuration list for PBXNativeTarget "collectionApp" */ = {
			isa = XCConfigurationList;
			buildConfigurations = (
				AEB8BAA81FE94401006B4A5B /* Debug */,
				AEB8BAA91FE94401006B4A5B /* Release */,
			);
			defaultConfigurationIsVisible = 0;
			defaultConfigurationName = Release;
		};
/* End XCConfigurationList section */
	};
	rootObject = AEB8BA8D1FE94401006B4A5B /* Project object */;
}
